<?xml version="1.0" encoding="UTF-8"?>
<CodeBlocks_project_file>
	<FileVersion major="1" minor="6"/>
	<Project>
		<Option title="razer-laptop-control-daemon"/>
		<Option makefile_is_custom="1"/>
		<Option compiler="gcc"/>
		<Option virtualFolders="CMake Files\;CMake Files\..\;CMake Files\..\..\;CMake Files\..\..\..\;CMake Files\..\..\..\..\;CMake Files\..\..\..\..\..\;CMake Files\..\..\..\..\..\..\;CMake Files\..\..\..\..\..\..\usr\;CMake Files\..\..\..\..\..\..\usr\lib64\;CMake Files\..\..\..\..\..\..\usr\lib64\cmake\;CMake Files\..\..\..\..\..\..\usr\lib64\cmake\Qt5Core\;"/>
		<Build>
			<Target title="all">
				<Option working_dir="/home/ashcon/code/razer-laptop-control/application/build-razer-laptop-control-daemon-Desktop-Debug"/>
				<Option type="4"/>
				<MakeCommands>
					<Build command="/usr/bin/make -j12 -f &quot;/home/ashcon/code/razer-laptop-control/application/build-razer-laptop-control-daemon-Desktop-Debug/Makefile&quot;  VERBOSE=1 all"/>
					<CompileFile command="/usr/bin/make -j12 -f &quot;/home/ashcon/code/razer-laptop-control/application/build-razer-laptop-control-daemon-Desktop-Debug/Makefile&quot;  VERBOSE=1 &quot;$file&quot;"/>
					<Clean command="/usr/bin/make -j12 -f &quot;/home/ashcon/code/razer-laptop-control/application/build-razer-laptop-control-daemon-Desktop-Debug/Makefile&quot;  VERBOSE=1 clean"/>
					<DistClean command="/usr/bin/make -j12 -f &quot;/home/ashcon/code/razer-laptop-control/application/build-razer-laptop-control-daemon-Desktop-Debug/Makefile&quot;  VERBOSE=1 clean"/>
				</MakeCommands>
			</Target>
			<Target title="rebuild_cache">
				<Option working_dir="/home/ashcon/code/razer-laptop-control/application/build-razer-laptop-control-daemon-Desktop-Debug"/>
				<Option type="4"/>
				<MakeCommands>
					<Build command="/usr/bin/make -j12 -f &quot;/home/ashcon/code/razer-laptop-control/application/build-razer-laptop-control-daemon-Desktop-Debug/Makefile&quot;  VERBOSE=1 rebuild_cache"/>
					<CompileFile command="/usr/bin/make -j12 -f &quot;/home/ashcon/code/razer-laptop-control/application/build-razer-laptop-control-daemon-Desktop-Debug/Makefile&quot;  VERBOSE=1 &quot;$file&quot;"/>
					<Clean command="/usr/bin/make -j12 -f &quot;/home/ashcon/code/razer-laptop-control/application/build-razer-laptop-control-daemon-Desktop-Debug/Makefile&quot;  VERBOSE=1 clean"/>
					<DistClean command="/usr/bin/make -j12 -f &quot;/home/ashcon/code/razer-laptop-control/application/build-razer-laptop-control-daemon-Desktop-Debug/Makefile&quot;  VERBOSE=1 clean"/>
				</MakeCommands>
			</Target>
			<Target title="razer-laptop-control-daemon">
				<Option output="/home/ashcon/code/razer-laptop-control/application/build-razer-laptop-control-daemon-Desktop-Debug/razer-laptop-control-daemon" prefix_auto="0" extension_auto="0"/>
				<Option working_dir="/home/ashcon/code/razer-laptop-control/application/build-razer-laptop-control-daemon-Desktop-Debug"/>
				<Option object_output="./"/>
				<Option type="1"/>
				<Option compiler="gcc"/>
				<Compiler>
					<Add option="-DQT_CORE_LIB"/>
					<Add directory="/home/ashcon/code/razer-laptop-control/application/build-razer-laptop-control-daemon-Desktop-Debug"/>
					<Add directory="/home/ashcon/code/razer-laptop-control/application/razer-laptop-control-daemon"/>
					<Add directory="/home/ashcon/code/razer-laptop-control/application/build-razer-laptop-control-daemon-Desktop-Debug/razer-laptop-control-daemon_autogen/include"/>
					<Add directory="/usr/include/qt"/>
					<Add directory="/usr/include/qt/QtCore"/>
					<Add directory="/usr/lib/qt/mkspecs/linux-g++"/>
					<Add directory="/usr/lib/gcc/x86_64-pc-linux-gnu/9.2.0/../../../../include/c++/9.2.0"/>
					<Add directory="/usr/lib/gcc/x86_64-pc-linux-gnu/9.2.0/../../../../include/c++/9.2.0/x86_64-pc-linux-gnu"/>
					<Add directory="/usr/lib/gcc/x86_64-pc-linux-gnu/9.2.0/../../../../include/c++/9.2.0/backward"/>
					<Add directory="/usr/lib/gcc/x86_64-pc-linux-gnu/9.2.0/include"/>
					<Add directory="/usr/local/include"/>
					<Add directory="/usr/lib/gcc/x86_64-pc-linux-gnu/9.2.0/include-fixed"/>
					<Add directory="/usr/include"/>
				</Compiler>
				<MakeCommands>
					<Build command="/usr/bin/make -j12 -f &quot;/home/ashcon/code/razer-laptop-control/application/build-razer-laptop-control-daemon-Desktop-Debug/Makefile&quot;  VERBOSE=1 razer-laptop-control-daemon"/>
					<CompileFile command="/usr/bin/make -j12 -f &quot;/home/ashcon/code/razer-laptop-control/application/build-razer-laptop-control-daemon-Desktop-Debug/Makefile&quot;  VERBOSE=1 &quot;$file&quot;"/>
					<Clean command="/usr/bin/make -j12 -f &quot;/home/ashcon/code/razer-laptop-control/application/build-razer-laptop-control-daemon-Desktop-Debug/Makefile&quot;  VERBOSE=1 clean"/>
					<DistClean command="/usr/bin/make -j12 -f &quot;/home/ashcon/code/razer-laptop-control/application/build-razer-laptop-control-daemon-Desktop-Debug/Makefile&quot;  VERBOSE=1 clean"/>
				</MakeCommands>
			</Target>
			<Target title="razer-laptop-control-daemon/fast">
				<Option output="/home/ashcon/code/razer-laptop-control/application/build-razer-laptop-control-daemon-Desktop-Debug/razer-laptop-control-daemon" prefix_auto="0" extension_auto="0"/>
				<Option working_dir="/home/ashcon/code/razer-laptop-control/application/build-razer-laptop-control-daemon-Desktop-Debug"/>
				<Option object_output="./"/>
				<Option type="1"/>
				<Option compiler="gcc"/>
				<Compiler>
					<Add option="-DQT_CORE_LIB"/>
					<Add directory="/home/ashcon/code/razer-laptop-control/application/build-razer-laptop-control-daemon-Desktop-Debug"/>
					<Add directory="/home/ashcon/code/razer-laptop-control/application/razer-laptop-control-daemon"/>
					<Add directory="/home/ashcon/code/razer-laptop-control/application/build-razer-laptop-control-daemon-Desktop-Debug/razer-laptop-control-daemon_autogen/include"/>
					<Add directory="/usr/include/qt"/>
					<Add directory="/usr/include/qt/QtCore"/>
					<Add directory="/usr/lib/qt/mkspecs/linux-g++"/>
					<Add directory="/usr/lib/gcc/x86_64-pc-linux-gnu/9.2.0/../../../../include/c++/9.2.0"/>
					<Add directory="/usr/lib/gcc/x86_64-pc-linux-gnu/9.2.0/../../../../include/c++/9.2.0/x86_64-pc-linux-gnu"/>
					<Add directory="/usr/lib/gcc/x86_64-pc-linux-gnu/9.2.0/../../../../include/c++/9.2.0/backward"/>
					<Add directory="/usr/lib/gcc/x86_64-pc-linux-gnu/9.2.0/include"/>
					<Add directory="/usr/local/include"/>
					<Add directory="/usr/lib/gcc/x86_64-pc-linux-gnu/9.2.0/include-fixed"/>
					<Add directory="/usr/include"/>
				</Compiler>
				<MakeCommands>
					<Build command="/usr/bin/make -j12 -f &quot;/home/ashcon/code/razer-laptop-control/application/build-razer-laptop-control-daemon-Desktop-Debug/Makefile&quot;  VERBOSE=1 razer-laptop-control-daemon/fast"/>
					<CompileFile command="/usr/bin/make -j12 -f &quot;/home/ashcon/code/razer-laptop-control/application/build-razer-laptop-control-daemon-Desktop-Debug/Makefile&quot;  VERBOSE=1 &quot;$file&quot;"/>
					<Clean command="/usr/bin/make -j12 -f &quot;/home/ashcon/code/razer-laptop-control/application/build-razer-laptop-control-daemon-Desktop-Debug/Makefile&quot;  VERBOSE=1 clean"/>
					<DistClean command="/usr/bin/make -j12 -f &quot;/home/ashcon/code/razer-laptop-control/application/build-razer-laptop-control-daemon-Desktop-Debug/Makefile&quot;  VERBOSE=1 clean"/>
				</MakeCommands>
			</Target>
			<Target title="edit_cache">
				<Option working_dir="/home/ashcon/code/razer-laptop-control/application/build-razer-laptop-control-daemon-Desktop-Debug"/>
				<Option type="4"/>
				<MakeCommands>
					<Build command="/usr/bin/make -j12 -f &quot;/home/ashcon/code/razer-laptop-control/application/build-razer-laptop-control-daemon-Desktop-Debug/Makefile&quot;  VERBOSE=1 edit_cache"/>
					<CompileFile command="/usr/bin/make -j12 -f &quot;/home/ashcon/code/razer-laptop-control/application/build-razer-laptop-control-daemon-Desktop-Debug/Makefile&quot;  VERBOSE=1 &quot;$file&quot;"/>
					<Clean command="/usr/bin/make -j12 -f &quot;/home/ashcon/code/razer-laptop-control/application/build-razer-laptop-control-daemon-Desktop-Debug/Makefile&quot;  VERBOSE=1 clean"/>
					<DistClean command="/usr/bin/make -j12 -f &quot;/home/ashcon/code/razer-laptop-control/application/build-razer-laptop-control-daemon-Desktop-Debug/Makefile&quot;  VERBOSE=1 clean"/>
				</MakeCommands>
			</Target>
			<Target title="razer-laptop-control-daemon_autogen">
				<Option working_dir="/home/ashcon/code/razer-laptop-control/application/build-razer-laptop-control-daemon-Desktop-Debug"/>
				<Option type="4"/>
				<MakeCommands>
					<Build command="/usr/bin/make -j12 -f &quot;/home/ashcon/code/razer-laptop-control/application/build-razer-laptop-control-daemon-Desktop-Debug/Makefile&quot;  VERBOSE=1 razer-laptop-control-daemon_autogen"/>
					<CompileFile command="/usr/bin/make -j12 -f &quot;/home/ashcon/code/razer-laptop-control/application/build-razer-laptop-control-daemon-Desktop-Debug/Makefile&quot;  VERBOSE=1 &quot;$file&quot;"/>
					<Clean command="/usr/bin/make -j12 -f &quot;/home/ashcon/code/razer-laptop-control/application/build-razer-laptop-control-daemon-Desktop-Debug/Makefile&quot;  VERBOSE=1 clean"/>
					<DistClean command="/usr/bin/make -j12 -f &quot;/home/ashcon/code/razer-laptop-control/application/build-razer-laptop-control-daemon-Desktop-Debug/Makefile&quot;  VERBOSE=1 clean"/>
				</MakeCommands>
			</Target>
		</Build>
		<Unit filename="/home/ashcon/code/razer-laptop-control/application/build-razer-laptop-control-daemon-Desktop-Debug/razer-laptop-control-daemon_autogen/mocs_compilation.cpp">
			<Option target="razer-laptop-control-daemon"/>
		</Unit>
		<Unit filename="/home/ashcon/code/razer-laptop-control/application/razer-laptop-control-daemon/main.cpp">
			<Option target="razer-laptop-control-daemon"/>
		</Unit>
		<Unit filename="/home/ashcon/code/razer-laptop-control/application/razer-laptop-control-daemon/CMakeLists.txt">
			<Option virtualFolder="CMake Files\"/>
		</Unit>
		<Unit filename="/home/ashcon/code/razer-laptop-control/application/razer-laptop-control-daemon/../../../../../../usr/lib64/cmake/Qt5Core/Qt5CoreConfig.cmake">
			<Option virtualFolder="CMake Files\..\..\..\..\..\..\usr\lib64\cmake\Qt5Core\"/>
		</Unit>
		<Unit filename="/home/ashcon/code/razer-laptop-control/application/razer-laptop-control-daemon/../../../../../../usr/lib64/cmake/Qt5Core/Qt5CoreConfigExtras.cmake">
			<Option virtualFolder="CMake Files\..\..\..\..\..\..\usr\lib64\cmake\Qt5Core\"/>
		</Unit>
		<Unit filename="/home/ashcon/code/razer-laptop-control/application/razer-laptop-control-daemon/../../../../../../usr/lib64/cmake/Qt5Core/Qt5CoreConfigExtrasMkspecDir.cmake">
			<Option virtualFolder="CMake Files\..\..\..\..\..\..\usr\lib64\cmake\Qt5Core\"/>
		</Unit>
		<Unit filename="/home/ashcon/code/razer-laptop-control/application/razer-laptop-control-daemon/../../../../../../usr/lib64/cmake/Qt5Core/Qt5CoreConfigVersion.cmake">
			<Option virtualFolder="CMake Files\..\..\..\..\..\..\usr\lib64\cmake\Qt5Core\"/>
		</Unit>
		<Unit filename="/home/ashcon/code/razer-laptop-control/application/razer-laptop-control-daemon/../../../../../../usr/lib64/cmake/Qt5Core/Qt5CoreMacros.cmake">
			<Option virtualFolder="CMake Files\..\..\..\..\..\..\usr\lib64\cmake\Qt5Core\"/>
		</Unit>
	</Project>
</CodeBlocks_project_file>
